
Microsoft Visual Studio Solution File, Format Version 12.00
# Visual Studio 2013
VisualStudioVersion = 12.0.31101.0
MinimumVisualStudioVersion = 10.0.40219.1
Project("{FAE04EC0-301F-11D3-BF4B-00C04F79EFBC}") = "WolframAlpha.NET", "WolframAlpha.NET\WolframAlpha.NET.csproj", "{BA103F20-0047-4C92-9461-393F1C398AC8}"
EndProject
Project("{FAE04EC0-301F-11D3-BF4B-00C04F79EFBC}") = "WolframAlpha.NET Client", "WolframAlpha.NET Client\WolframAlpha.NET Client.csproj", "{82AEB5F7-DFCC-4FE1-8F52-A6EE02317780}"
EndProject
Project("{FAE04EC0-301F-11D3-BF4B-00C04F79EFBC}") = "WolframAlpha.NET Tests", "WolframAlpha.NET Tests\WolframAlpha.NET Tests.csproj", "{9B763777-1BA5-4627-B1E9-1EA2DF0D8E26}"
EndProject
Global
	GlobalSection(SolutionConfigurationPlatforms) = preSolution
		Debug|Any CPU = Debug|Any CPU
		Debug|Mixed Platforms = Debug|Mixed Platforms
		Debug|x86 = Debug|x86
		Release|Any CPU = Release|Any CPU
		Release|Mixed Platforms = Release|Mixed Platforms
		Release|x86 = Release|x86
	EndGlobalSection
	GlobalSection(ProjectConfigurationPlatforms) = postSolution
		{BA103F20-0047-4C92-9461-393F1C398AC8}.Debug|Any CPU.ActiveCfg = Debug|Any CPU
		{BA103F20-0047-4C92-9461-393F1C398AC8}.Debug|Any CPU.Build.0 = Debug|Any CPU
		{BA103F20-0047-4C92-9461-393F1C398AC8}.Debug|Mixed Platforms.ActiveCfg = Debug|Any CPU
		{BA103F20-0047-4C92-9461-393F1C398AC8}.Debug|Mixed Platforms.Build.0 = Debug|Any CPU
		{BA103F20-0047-4C92-9461-393F1C398AC8}.Debug|x86.ActiveCfg = Debug|Any CPU
		{BA103F20-0047-4C92-9461-393F1C398AC8}.Debug|x86.Build.0 = Debug|Any CPU
		{BA103F20-0047-4C92-9461-393F1C398AC8}.Release|Any CPU.ActiveCfg = Release|Any CPU
		{BA103F20-0047-4C92-9461-393F1C398AC8}.Release|Any CPU.Build.0 = Release|Any CPU
		{BA103F20-0047-4C92-9461-393F1C398AC8}.Release|Mixed Platforms.ActiveCfg = Release|Any CPU
		{BA103F20-0047-4C92-9461-393F1C398AC8}.Release|Mixed Platforms.Build.0 = Release|Any CPU
		{BA103F20-0047-4C92-9461-393F1C398AC8}.Release|x86.ActiveCfg = Release|Any CPU
		{BA103F20-0047-4C92-9461-393F1C398AC8}.Release|x86.Build.0 = Release|Any CPU
		{82AEB5F7-DFCC-4FE1-8F52-A6EE02317780}.Debug|Any CPU.ActiveCfg = Debug|Any CPU
		{82AEB5F7-DFCC-4FE1-8F52-A6EE02317780}.Debug|Any CPU.Build.0 = Debug|Any CPU
		{82AEB5F7-DFCC-4FE1-8F52-A6EE02317780}.Debug|Mixed Platforms.ActiveCfg = Debug|Any CPU
		{82AEB5F7-DFCC-4FE1-8F52-A6EE02317780}.Debug|Mixed Platforms.Build.0 = Debug|Any CPU
		{82AEB5F7-DFCC-4FE1-8F52-A6EE02317780}.Debug|x86.ActiveCfg = Debug|Any CPU
		{82AEB5F7-DFCC-4FE1-8F52-A6EE02317780}.Debug|x86.Build.0 = Debug|Any CPU
		{82AEB5F7-DFCC-4FE1-8F52-A6EE02317780}.Release|Any CPU.ActiveCfg = Release|Any CPU
		{82AEB5F7-DFCC-4FE1-8F52-A6EE02317780}.Release|Any CPU.Build.0 = Release|Any CPU
		{82AEB5F7-DFCC-4FE1-8F52-A6EE02317780}.Release|Mixed Platforms.ActiveCfg = Release|Any CPU
		{82AEB5F7-DFCC-4FE1-8F52-A6EE02317780}.Release|Mixed Platforms.Build.0 = Release|Any CPU
		{82AEB5F7-DFCC-4FE1-8F52-A6EE02317780}.Release|x86.ActiveCfg = Release|Any CPU
		{82AEB5F7-DFCC-4FE1-8F52-A6EE02317780}.Release|x86.Build.0 = Release|Any CPU
		{9B763777-1BA5-4627-B1E9-1EA2DF0D8E26}.Debug|Any CPU.ActiveCfg = Debug|Any CPU
		{9B763777-1BA5-4627-B1E9-1EA2DF0D8E26}.Debug|Any CPU.Build.0 = Debug|Any CPU
		{9B763777-1BA5-4627-B1E9-1EA2DF0D8E26}.Debug|Mixed Platforms.ActiveCfg = Debug|Any CPU
		{9B763777-1BA5-4627-B1E9-1EA2DF0D8E26}.Debug|Mixed Platforms.Build.0 = Debug|Any CPU
		{9B763777-1BA5-4627-B1E9-1EA2DF0D8E26}.Debug|x86.ActiveCfg = Debug|Any CPU
		{9B763777-1BA5-4627-B1E9-1EA2DF0D8E26}.Debug|x86.Build.0 = Debug|Any CPU
		{9B763777-1BA5-4627-B1E9-1EA2DF0D8E26}.Release|Any CPU.ActiveCfg = Release|Any CPU
		{9B763777-1BA5-4627-B1E9-1EA2DF0D8E26}.Release|Any CPU.Build.0 = Release|Any CPU
		{9B763777-1BA5-4627-B1E9-1EA2DF0D8E26}.Release|Mixed Platforms.ActiveCfg = Release|Any CPU
		{9B763777-1BA5-4627-B1E9-1EA2DF0D8E26}.Release|Mixed Platforms.Build.0 = Release|Any CPU
		{9B763777-1BA5-4627-B1E9-1EA2DF0D8E26}.Release|x86.ActiveCfg = Release|Any CPU
		{9B763777-1BA5-4627-B1E9-1EA2DF0D8E26}.Release|x86.Build.0 = Release|Any CPU
	EndGlobalSection
	GlobalSection(SolutionProperties) = preSolution
		HideSolutionNode = FALSE
	EndGlobalSection
	GlobalSection(TestCaseManagementSettings) = postSolution
		CategoryFile = WolframAlphaNET.vsmdi
	EndGlobalSection
EndGlobal
