
Microsoft Visual Studio Solution File, Format Version 12.00
# Visual Studio Version 16
VisualStudioVersion = 16.0.29009.5
MinimumVisualStudioVersion = 10.0.40219.1
Project("{9A19103F-16F7-4668-BE54-9A1E7A4F7556}") = "WolframAlphaNet", "WolframAlphaNet\WolframAlphaNet.csproj", "{BA103F20-0047-4C92-9461-393F1C398AC8}"
EndProject
Project("{9A19103F-16F7-4668-BE54-9A1E7A4F7556}") = "WolframAlphaNet.Examples", "WolframAlphaNet.Examples\WolframAlphaNet.Examples.csproj", "{82AEB5F7-DFCC-4FE1-8F52-A6EE02317780}"
EndProject
Project("{9A19103F-16F7-4668-BE54-9A1E7A4F7556}") = "WolframAlphaNet.Tests", "WolframAlphaNet.Tests\WolframAlphaNet.Tests.csproj", "{9B763777-1BA5-4627-B1E9-1EA2DF0D8E26}"
EndProject
Project("{2150E333-8FDC-42A3-9474-1A3956D46DE8}") = "Imports", "Imports", "{1C7E87AB-0A97-4E3D-97E0-13621BAECBDE}"
	ProjectSection(SolutionItems) = preProject
		..\Properties.targets = ..\Properties.targets
	EndProjectSection
EndProject
Global
	GlobalSection(SolutionConfigurationPlatforms) = preSolution
		Debug|Any CPU = Debug|Any CPU
		Debug|Mixed Platforms = Debug|Mixed Platforms
		Debug|x86 = Debug|x86
		Release|Any CPU = Release|Any CPU
		Release|Mixed Platforms = Release|Mixed Platforms
		Release|x86 = Release|x86
	EndGlobalSection
	GlobalSection(ProjectConfigurationPlatforms) = postSolution
		{BA103F20-0047-4C92-9461-393F1C398AC8}.Debug|Any CPU.ActiveCfg = Debug|Any CPU
		{BA103F20-0047-4C92-9461-393F1C398AC8}.Debug|Any CPU.Build.0 = Debug|Any CPU
		{BA103F20-0047-4C92-9461-393F1C398AC8}.Debug|Mixed Platforms.ActiveCfg = Debug|Any CPU
		{BA103F20-0047-4C92-9461-393F1C398AC8}.Debug|Mixed Platforms.Build.0 = Debug|Any CPU
		{BA103F20-0047-4C92-9461-393F1C398AC8}.Debug|x86.ActiveCfg = Debug|Any CPU
		{BA103F20-0047-4C92-9461-393F1C398AC8}.Debug|x86.Build.0 = Debug|Any CPU
		{BA103F20-0047-4C92-9461-393F1C398AC8}.Release|Any CPU.ActiveCfg = Release|Any CPU
		{BA103F20-0047-4C92-9461-393F1C398AC8}.Release|Any CPU.Build.0 = Release|Any CPU
		{BA103F20-0047-4C92-9461-393F1C398AC8}.Release|Mixed Platforms.ActiveCfg = Release|Any CPU
		{BA103F20-0047-4C92-9461-393F1C398AC8}.Release|Mixed Platforms.Build.0 = Release|Any CPU
		{BA103F20-0047-4C92-9461-393F1C398AC8}.Release|x86.ActiveCfg = Release|Any CPU
		{BA103F20-0047-4C92-9461-393F1C398AC8}.Release|x86.Build.0 = Release|Any CPU
		{82AEB5F7-DFCC-4FE1-8F52-A6EE02317780}.Debug|Any CPU.ActiveCfg = Debug|Any CPU
		{82AEB5F7-DFCC-4FE1-8F52-A6EE02317780}.Debug|Any CPU.Build.0 = Debug|Any CPU
		{82AEB5F7-DFCC-4FE1-8F52-A6EE02317780}.Debug|Mixed Platforms.ActiveCfg = Debug|Any CPU
		{82AEB5F7-DFCC-4FE1-8F52-A6EE02317780}.Debug|Mixed Platforms.Build.0 = Debug|Any CPU
		{82AEB5F7-DFCC-4FE1-8F52-A6EE02317780}.Debug|x86.ActiveCfg = Debug|Any CPU
		{82AEB5F7-DFCC-4FE1-8F52-A6EE02317780}.Debug|x86.Build.0 = Debug|Any CPU
		{82AEB5F7-DFCC-4FE1-8F52-A6EE02317780}.Release|Any CPU.ActiveCfg = Release|Any CPU
		{82AEB5F7-DFCC-4FE1-8F52-A6EE02317780}.Release|Any CPU.Build.0 = Release|Any CPU
		{82AEB5F7-DFCC-4FE1-8F52-A6EE02317780}.Release|Mixed Platforms.ActiveCfg = Release|Any CPU
		{82AEB5F7-DFCC-4FE1-8F52-A6EE02317780}.Release|Mixed Platforms.Build.0 = Release|Any CPU
		{82AEB5F7-DFCC-4FE1-8F52-A6EE02317780}.Release|x86.ActiveCfg = Release|Any CPU
		{82AEB5F7-DFCC-4FE1-8F52-A6EE02317780}.Release|x86.Build.0 = Release|Any CPU
		{9B763777-1BA5-4627-B1E9-1EA2DF0D8E26}.Debug|Any CPU.ActiveCfg = Debug|Any CPU
		{9B763777-1BA5-4627-B1E9-1EA2DF0D8E26}.Debug|Any CPU.Build.0 = Debug|Any CPU
		{9B763777-1BA5-4627-B1E9-1EA2DF0D8E26}.Debug|Mixed Platforms.ActiveCfg = Debug|Any CPU
		{9B763777-1BA5-4627-B1E9-1EA2DF0D8E26}.Debug|Mixed Platforms.Build.0 = Debug|Any CPU
		{9B763777-1BA5-4627-B1E9-1EA2DF0D8E26}.Debug|x86.ActiveCfg = Debug|Any CPU
		{9B763777-1BA5-4627-B1E9-1EA2DF0D8E26}.Debug|x86.Build.0 = Debug|Any CPU
		{9B763777-1BA5-4627-B1E9-1EA2DF0D8E26}.Release|Any CPU.ActiveCfg = Release|Any CPU
		{9B763777-1BA5-4627-B1E9-1EA2DF0D8E26}.Release|Any CPU.Build.0 = Release|Any CPU
		{9B763777-1BA5-4627-B1E9-1EA2DF0D8E26}.Release|Mixed Platforms.ActiveCfg = Release|Any CPU
		{9B763777-1BA5-4627-B1E9-1EA2DF0D8E26}.Release|Mixed Platforms.Build.0 = Release|Any CPU
		{9B763777-1BA5-4627-B1E9-1EA2DF0D8E26}.Release|x86.ActiveCfg = Release|Any CPU
		{9B763777-1BA5-4627-B1E9-1EA2DF0D8E26}.Release|x86.Build.0 = Release|Any CPU
	EndGlobalSection
	GlobalSection(SolutionProperties) = preSolution
		HideSolutionNode = FALSE
	EndGlobalSection
	GlobalSection(ExtensibilityGlobals) = postSolution
		SolutionGuid = {FB5174B5-A4D8-40DE-8AC9-97CC579D0B3C}
	EndGlobalSection
	GlobalSection(TestCaseManagementSettings) = postSolution
		CategoryFile = WolframAlphaNET.vsmdi
	EndGlobalSection
EndGlobal
